// !$*UTF8*$!
{
	archiveVersion = 1;
	classes = {
	};
	objectVersion = 46;
	objects = {

/* Begin PBXBuildFile section */
		8E281DF61AD6211C00108997 /* main.m in Sources */ = {isa = PBXBuildFile; fileRef = 8E281DF51AD6211C00108997 /* main.m */; };
		8E281DF91AD6211C00108997 /* AppDelegate.m in Sources */ = {isa = PBXBuildFile; fileRef = 8E281DF81AD6211C00108997 /* AppDelegate.m */; };
		8E281DFB1AD6211C00108997 /* Images.xcassets in Resources */ = {isa = PBXBuildFile; fileRef = 8E281DFA1AD6211C00108997 /* Images.xcassets */; };
		8E281DFE1AD6211C00108997 /* LaunchScreen.xib in Resources */ = {isa = PBXBuildFile; fileRef = 8E281DFC1AD6211C00108997 /* LaunchScreen.xib */; };
		8E281E0A1AD6211C00108997 /* NESModelExtDemoTests.m in Sources */ = {isa = PBXBuildFile; fileRef = 8E281E091AD6211C00108997 /* NESModelExtDemoTests.m */; };
/* End PBXBuildFile section */

/* Begin PBXContainerItemProxy section */
		8E281E041AD6211C00108997 /* PBXContainerItemProxy */ = {
			isa = PBXContainerItemProxy;
			containerPortal = 8E281DE81AD6211C00108997 /* Project object */;
			proxyType = 1;
			remoteGlobalIDString = 8E281DEF1AD6211C00108997;
			remoteInfo = NESModelExtDemo;
		};
/* End PBXContainerItemProxy section */

/* Begin PBXFileReference section */
		8E281DF01AD6211C00108997 /* NESModelExtDemo.app */ = {isa = PBXFileReference; explicitFileType = wrapper.application; includeInIndex = 0; path = NESModelExtDemo.app; sourceTree = BUILT_PRODUCTS_DIR; };
		8E281DF41AD6211C00108997 /* Info.plist */ = {isa = PBXFileReference; lastKnownFileType = text.plist.xml; path = Info.plist; sourceTree = "<group>"; };
		8E281DF51AD6211C00108997 /* main.m */ = {isa = PBXFileReference; lastKnownFileType = sourcecode.c.objc; path = main.m; sourceTree = "<group>"; };
		8E281DF71AD6211C00108997 /* AppDelegate.h */ = {isa = PBXFileReference; lastKnownFileType = sourcecode.c.h; path = AppDelegate.h; sourceTree = "<group>"; };
		8E281DF81AD6211C00108997 /* AppDelegate.m */ = {isa = PBXFileReference; lastKnownFileType = sourcecode.c.objc; path = AppDelegate.m; sourceTree = "<group>"; };
		8E281DFA1AD6211C00108997 /* Images.xcassets */ = {isa = PBXFileReference; lastKnownFileType = folder.assetcatalog; path = Images.xcassets; sourceTree = "<group>"; };
		8E281DFD1AD6211C00108997 /* Base */ = {isa = PBXFileReference; lastKnownFileType = file.xib; name = Base; path = Base.lproj/LaunchScreen.xib; sourceTree = "<group>"; };
		8E281E031AD6211C00108997 /* NESModelExtDemoTests.xctest */ = {isa = PBXFileReference; explicitFileType = wrapper.cfbundle; includeInIndex = 0; path = NESModelExtDemoTests.xctest; sourceTree = BUILT_PRODUCTS_DIR; };
		8E281E081AD6211C00108997 /* Info.plist */ = {isa = PBXFileReference; lastKnownFileType = text.plist.xml; path = Info.plist; sourceTree = "<group>"; };
		8E281E091AD6211C00108997 /* NESModelExtDemoTests.m */ = {isa = PBXFileReference; lastKnownFileType = sourcecode.c.objc; path = NESModelExtDemoTests.m; sourceTree = "<group>"; };
/* End PBXFileReference section */

/* Begin PBXFrameworksBuildPhase section */
		8E281DED1AD6211C00108997 /* Frameworks */ = {
			isa = PBXFrameworksBuildPhase;
			buildActionMask = 2147483647;
			files = (
			);
			runOnlyForDeploymentPostprocessing = 0;
		};
		8E281E001AD6211C00108997 /* Frameworks */ = {
			isa = PBXFrameworksBuildPhase;
			buildActionMask = 2147483647;
			files = (
			);
			runOnlyForDeploymentPostprocessing = 0;
		};
/* End PBXFrameworksBuildPhase section */

/* Begin PBXGroup section */
		8E281DE71AD6211C00108997 = {
			isa = PBXGroup;
			children = (
				8E281DF21AD6211C00108997 /* NESModelExtDemo */,
				8E281E061AD6211C00108997 /* NESModelExtDemoTests */,
				8E281DF11AD6211C00108997 /* Products */,
			);
			sourceTree = "<group>";
		};
		8E281DF11AD6211C00108997 /* Products */ = {
			isa = PBXGroup;
			children = (
				8E281DF01AD6211C00108997 /* NESModelExtDemo.app */,
				8E281E031AD6211C00108997 /* NESModelExtDemoTests.xctest */,
			);
			name = Products;
			sourceTree = "<group>";
		};
		8E281DF21AD6211C00108997 /* NESModelExtDemo */ = {
			isa = PBXGroup;
			children = (
				8E281DF71AD6211C00108997 /* AppDelegate.h */,
				8E281DF81AD6211C00108997 /* AppDelegate.m */,
				8E281DFA1AD6211C00108997 /* Images.xcassets */,
				8E281DFC1AD6211C00108997 /* LaunchScreen.xib */,
				8E281DF31AD6211C00108997 /* Supporting Files */,
			);
			path = NESModelExtDemo;
			sourceTree = "<group>";
		};
		8E281DF31AD6211C00108997 /* Supporting Files */ = {
			isa = PBXGroup;
			children = (
				8E281DF41AD6211C00108997 /* Info.plist */,
				8E281DF51AD6211C00108997 /* main.m */,
			);
			name = "Supporting Files";
			sourceTree = "<group>";
		};
		8E281E061AD6211C00108997 /* NESModelExtDemoTests */ = {
			isa = PBXGroup;
			children = (
				8E281E091AD6211C00108997 /* NESModelExtDemoTests.m */,
				8E281E071AD6211C00108997 /* Supporting Files */,
			);
			path = NESModelExtDemoTests;
			sourceTree = "<group>";
		};
		8E281E071AD6211C00108997 /* Supporting Files */ = {
			isa = PBXGroup;
			children = (
				8E281E081AD6211C00108997 /* Info.plist */,
			);
			name = "Supporting Files";
			sourceTree = "<group>";
		};
/* End PBXGroup section */

/* Begin PBXNativeTarget section */
		8E281DEF1AD6211C00108997 /* NESModelExtDemo */ = {
			isa = PBXNativeTarget;
			buildConfigurationList = 8E281E0D1AD6211C00108997 /* Build configuration list for PBXNativeTarget "NESModelExtDemo" */;
			buildPhases = (
				8E281DEC1AD6211C00108997 /* Sources */,
				8E281DED1AD6211C00108997 /* Frameworks */,
				8E281DEE1AD6211C00108997 /* Resources */,
			);
			buildRules = (
			);
			dependencies = (
			);
			name = NESModelExtDemo;
			productName = NESModelExtDemo;
			productReference = 8E281DF01AD6211C00108997 /* NESModelExtDemo.app */;
			productType = "com.apple.product-type.application";
		};
		8E281E021AD6211C00108997 /* NESModelExtDemoTests */ = {
			isa = PBXNativeTarget;
			buildConfigurationList = 8E281E101AD6211C00108997 /* Build configuration list for PBXNativeTarget "NESModelExtDemoTests" */;
			buildPhases = (
				8E281DFF1AD6211C00108997 /* Sources */,
				8E281E001AD6211C00108997 /* Frameworks */,
				8E281E011AD6211C00108997 /* Resources */,
			);
			buildRules = (
			);
			dependencies = (
				8E281E051AD6211C00108997 /* PBXTargetDependency */,
			);
			name = NESModelExtDemoTests;
			productName = NESModelExtDemoTests;
			productReference = 8E281E031AD6211C00108997 /* NESModelExtDemoTests.xctest */;
			productType = "com.apple.product-type.bundle.unit-test";
		};
/* End PBXNativeTarget section */

/* Begin PBXProject section */
		8E281DE81AD6211C00108997 /* Project object */ = {
			isa = PBXProject;
			attributes = {
				LastUpgradeCheck = 0620;
				ORGANIZATIONNAME = NesTalk;
				TargetAttributes = {
					8E281DEF1AD6211C00108997 = {
						CreatedOnToolsVersion = 6.2;
					};
					8E281E021AD6211C00108997 = {
						CreatedOnToolsVersion = 6.2;
						TestTargetID = 8E281DEF1AD6211C00108997;
					};
				};
			};
			buildConfigurationList = 8E281DEB1AD6211C00108997 /* Build configuration list for PBXProject "NESModelExtDemo" */;
			compatibilityVersion = "Xcode 3.2";
			developmentRegion = English;
			hasScannedForEncodings = 0;
			knownRegions = (
				en,
				Base,
			);
			mainGroup = 8E281DE71AD6211C00108997;
			productRefGroup = 8E281DF11AD6211C00108997 /* Products */;
			projectDirPath = "";
			projectRoot = "";
			targets = (
				8E281DEF1AD6211C00108997 /* NESModelExtDemo */,
				8E281E021AD6211C00108997 /* NESModelExtDemoTests */,
			);
		};
/* End PBXProject section */

/* Begin PBXResourcesBuildPhase section */
		8E281DEE1AD6211C00108997 /* Resources */ = {
			isa = PBXResourcesBuildPhase;
			buildActionMask = 2147483647;
			files = (
				8E281DFE1AD6211C00108997 /* LaunchScreen.xib in Resources */,
				8E281DFB1AD6211C00108997 /* Images.xcassets in Resources */,
			);
			runOnlyForDeploymentPostprocessing = 0;
		};
		8E281E011AD6211C00108997 /* Resources */ = {
			isa = PBXResourcesBuildPhase;
			buildActionMask = 2147483647;
			files = (
			);
			runOnlyForDeploymentPostprocessing = 0;
		};
/* End PBXResourcesBuildPhase section */

/* Begin PBXSourcesBuildPhase section */
		8E281DEC1AD6211C00108997 /* Sources */ = {
			isa = PBXSourcesBuildPhase;
			buildActionMask = 2147483647;
			files = (
				8E281DF91AD6211C00108997 /* AppDelegate.m in Sources */,
				8E281DF61AD6211C00108997 /* main.m in Sources */,
			);
			runOnlyForDeploymentPostprocessing = 0;
		};
		8E281DFF1AD6211C00108997 /* Sources */ = {
			isa = PBXSourcesBuildPhase;
			buildActionMask = 2147483647;
			files = (
				8E281E0A1AD6211C00108997 /* NESModelExtDemoTests.m in Sources */,
			);
			runOnlyForDeploymentPostprocessing = 0;
		};
/* End PBXSourcesBuildPhase section */

/* Begin PBXTargetDependency section */
		8E281E051AD6211C00108997 /* PBXTargetDependency */ = {
			isa = PBXTargetDependency;
			target = 8E281DEF1AD6211C00108997 /* NESModelExtDemo */;
			targetProxy = 8E281E041AD6211C00108997 /* PBXContainerItemProxy */;
		};
/* End PBXTargetDependency section */

/* Begin PBXVariantGroup section */
		8E281DFC1AD6211C00108997 /* LaunchScreen.xib */ = {
			isa = PBXVariantGroup;
			children = (
				8E281DFD1AD6211C00108997 /* Base */,
			);
			name = LaunchScreen.xib;
			sourceTree = "<group>";
		};
/* End PBXVariantGroup section */

/* Begin XCBuildConfiguration section */
		8E281E0B1AD6211C00108997 /* Debug */ = {
			isa = XCBuildConfiguration;
			buildSettings = {
				ALWAYS_SEARCH_USER_PATHS = NO;
				CLANG_CXX_LANGUAGE_STANDARD = "gnu++0x";
				CLANG_CXX_LIBRARY = "libc++";
				CLANG_ENABLE_MODULES = YES;
				CLANG_ENABLE_OBJC_ARC = YES;
				CLANG_WARN_BOOL_CONVERSION = YES;
				CLANG_WARN_CONSTANT_CONVERSION = YES;
				CLANG_WARN_DIRECT_OBJC_ISA_USAGE = YES_ERROR;
				CLANG_WARN_EMPTY_BODY = YES;
				CLANG_WARN_ENUM_CONVERSION = YES;
				CLANG_WARN_INT_CONVERSION = YES;
				CLANG_WARN_OBJC_ROOT_CLASS = YES_ERROR;
				CLANG_WARN_UNREACHABLE_CODE = YES;
				CLANG_WARN__DUPLICATE_METHOD_MATCH = YES;
				"CODE_SIGN_IDENTITY[sdk=iphoneos*]" = "iPhone Developer";
				COPY_PHASE_STRIP = NO;
				ENABLE_STRICT_OBJC_MSGSEND = YES;
				GCC_C_LANGUAGE_STANDARD = gnu99;
				GCC_DYNAMIC_NO_PIC = NO;
				GCC_OPTIMIZATION_LEVEL = 0;
				GCC_PREPROCESSOR_DEFINITIONS = (
					"DEBUG=1",
					"$(inherited)",
				);
				GCC_SYMBOLS_PRIVATE_EXTERN = NO;
				GCC_WARN_64_TO_32_BIT_CONVERSION = YES;
				GCC_WARN_ABOUT_RETURN_TYPE = YES_ERROR;
				GCC_WARN_UNDECLARED_SELECTOR = YES;
				GCC_WARN_UNINITIALIZED_AUTOS = YES_AGGRESSIVE;
				GCC_WARN_UNUSED_FUNCTION = YES;
				GCC_WARN_UNUSED_VARIABLE = YES;
				IPHONEOS_DEPLOYMENT_TARGET = 8.2;
				MTL_ENABLE_DEBUG_INFO = YES;
				ONLY_ACTIVE_ARCH = YES;
				SDKROOT = iphoneos;
				TARGETED_DEVICE_FAMILY = "1,2";
			};
			name = Debug;
		};
		8E281E0C1AD6211C00108997 /* Release */ = {
			isa = XCBuildConfiguration;
			buildSettings = {
				ALWAYS_SEARCH_USER_PATHS = NO;
				CLANG_CXX_LANGUAGE_STANDARD = "gnu++0x";
				CLANG_CXX_LIBRARY = "libc++";
				CLANG_ENABLE_MODULES = YES;
				CLANG_ENABLE_OBJC_ARC = YES;
				CLANG_WARN_BOOL_CONVERSION = YES;
				CLANG_WARN_CONSTANT_CONVERSION = YES;
				CLANG_WARN_DIRECT_OBJC_ISA_USAGE = YES_ERROR;
				CLANG_WARN_EMPTY_BODY = YES;
				CLANG_WARN_ENUM_CONVERSION = YES;
				CLANG_WARN_INT_CONVERSION = YES;
				CLANG_WARN_OBJC_ROOT_CLASS = YES_ERROR;
				CLANG_WARN_UNREACHABLE_CODE = YES;
				CLANG_WARN__DUPLICATE_METHOD_MATCH = YES;
				"CODE_SIGN_IDENTITY[sdk=iphoneos*]" = "iPhone Developer";
				COPY_PHASE_STRIP = NO;
				ENABLE_NS_ASSERTIONS = NO;
				ENABLE_STRICT_OBJC_MSGSEND = YES;
				GCC_C_LANGUAGE_STANDARD = gnu99;
				GCC_WARN_64_TO_32_BIT_CONVERSION = YES;
				GCC_WARN_ABOUT_RETURN_TYPE = YES_ERROR;
				GCC_WARN_UNDECLARED_SELECTOR = YES;
				GCC_WARN_UNINITIALIZED_AUTOS = YES_AGGRESSIVE;
				GCC_WARN_UNUSED_FUNCTION = YES;
				GCC_WARN_UNUSED_VARIABLE = YES;
				IPHONEOS_DEPLOYMENT_TARGET = 8.2;
				MTL_ENABLE_DEBUG_INFO = NO;
				SDKROOT = iphoneos;
				TARGETED_DEVICE_FAMILY = "1,2";
				VALIDATE_PRODUCT = YES;
			};
			name = Release;
		};
		8E281E0E1AD6211C00108997 /* Debug */ = {
			isa = XCBuildConfiguration;
			buildSettings = {
				ASSETCATALOG_COMPILER_APPICON_NAME = AppIcon;
				INFOPLIST_FILE = NESModelExtDemo/Info.plist;
				LD_RUNPATH_SEARCH_PATHS = "$(inherited) @executable_path/Frameworks";
				PRODUCT_NAME = "$(TARGET_NAME)";
			};
			name = Debug;
		};
		8E281E0F1AD6211C00108997 /* Release */ = {
			isa = XCBuildConfiguration;
			buildSettings = {
				ASSETCATALOG_COMPILER_APPICON_NAME = AppIcon;
				INFOPLIST_FILE = NESModelExtDemo/Info.plist;
				LD_RUNPATH_SEARCH_PATHS = "$(inherited) @executable_path/Frameworks";
				PRODUCT_NAME = "$(TARGET_NAME)";
			};
			name = Release;
		};
		8E281E111AD6211C00108997 /* Debug */ = {
			isa = XCBuildConfiguration;
			buildSettings = {
				BUNDLE_LOADER = "$(TEST_HOST)";
				FRAMEWORK_SEARCH_PATHS = (
					"$(SDKROOT)/Developer/Library/Frameworks",
					"$(inherited)",
				);
				GCC_PREPROCESSOR_DEFINITIONS = (
					"DEBUG=1",
					"$(inherited)",
				);
				INFOPLIST_FILE = NESModelExtDemoTests/Info.plist;
				LD_RUNPATH_SEARCH_PATHS = "$(inherited) @executable_path/Frameworks @loader_path/Frameworks";
				PRODUCT_NAME = "$(TARGET_NAME)";
				TEST_HOST = "$(BUILT_PRODUCTS_DIR)/NESModelExtDemo.app/NESModelExtDemo";
			};
			name = Debug;
		};
		8E281E121AD6211C00108997 /* Release */ = {
			isa = XCBuildConfiguration;
			buildSettings = {
				BUNDLE_LOADER = "$(TEST_HOST)";
				FRAMEWORK_SEARCH_PATHS = (
					"$(SDKROOT)/Developer/Library/Frameworks",
					"$(inherited)",
				);
				INFOPLIST_FILE = NESModelExtDemoTests/Info.plist;
				LD_RUNPATH_SEARCH_PATHS = "$(inherited) @executable_path/Frameworks @loader_path/Frameworks";
				PRODUCT_NAME = "$(TARGET_NAME)";
				TEST_HOST = "$(BUILT_PRODUCTS_DIR)/NESModelExtDemo.app/NESModelExtDemo";
			};
			name = Release;
		};
/* End XCBuildConfiguration section */

/* Begin XCConfigurationList section */
		8E281DEB1AD6211C00108997 /* Build configuration list for PBXProject "NESModelExtDemo" */ = {
			isa = XCConfigurationList;
			buildConfigurations = (
				8E281E0B1AD6211C00108997 /* Debug */,
				8E281E0C1AD6211C00108997 /* Release */,
			);
			defaultConfigurationIsVisible = 0;
			defaultConfigurationName = Release;
		};
		8E281E0D1AD6211C00108997 /* Build configuration list for PBXNativeTarget "NESModelExtDemo" */ = {
			isa = XCConfigurationList;
			buildConfigurations = (
				8E281E0E1AD6211C00108997 /* Debug */,
				8E281E0F1AD6211C00108997 /* Release */,
			);
			defaultConfigurationIsVisible = 0;
		};
		8E281E101AD6211C00108997 /* Build configuration list for PBXNativeTarget "NESModelExtDemoTests" */ = {
			isa = XCConfigurationList;
			buildConfigurations = (
				8E281E111AD6211C00108997 /* Debug */,
				8E281E121AD6211C00108997 /* Release */,
			);
			defaultConfigurationIsVisible = 0;
		};
/* End XCConfigurationList section */
	};
	rootObject = 8E281DE81AD6211C00108997 /* Project object */;
}
